
Microsoft Visual Studio Solution File, Format Version 12.00
# Visual Studio Version 17
VisualStudioVersion = 17.5.33424.131
MinimumVisualStudioVersion = 10.0.40219.1
Project("{8BC9CEB8-8B4A-11D0-8D11-00A0C91BC942}") = "Getting-Started", "Getting-Started\Getting-Started.vcxproj", "{EA69BBA3-5BDF-436D-91E2-5F3257F28160}"
EndProject
Project("{8BC9CEB8-8B4A-11D0-8D11-00A0C91BC942}") = "ManMap", "ManMap\ManMap.vcxproj", "{FB174D2D-DD12-4083-BF28-48AED5706AA5}"
EndProject
Project("{8BC9CEB8-8B4A-11D0-8D11-00A0C91BC942}") = "MemLib", "MemLib\MemLib.vcxproj", "{FD2D85A8-86F2-4D28-A341-0E0A9D3C2FAA}"
EndProject
Project("{8BC9CEB8-8B4A-11D0-8D11-00A0C91BC942}") = "ProcLib", "ProcLib\ProcLib.vcxproj", "{ED67BFEC-1C70-4927-BFA9-5D359805236A}"
EndProject
Project("{2150E333-8FDC-42A3-9474-1A3956D46DE8}") = "ManualMap", "ManualMap", "{CAF28B36-C499-44BB-B223-E16F4BA0E977}"
EndProject
Project("{2150E333-8FDC-42A3-9474-1A3956D46DE8}") = "Deep_Rock_Galactic", "Deep_Rock_Galactic", "{5F38E2F2-E42F-4F90-AE26-F2EA819DFB1C}"
	ProjectSection(SolutionItems) = preProject
		Deep_Rock_Galactic\DRG.md = Deep_Rock_Galactic\DRG.md
	EndProjectSection
EndProject
Project("{8BC9CEB8-8B4A-11D0-8D11-00A0C91BC942}") = "Deep_Rock_Galactic_External", "Deep_Rock_Galactic\Deep_Rock_Galactic_External\Deep_Rock_Galactic_External.vcxproj", "{02AADAAE-7430-4A9B-AD42-A1662EA9F90F}"
EndProject
Project("{8BC9CEB8-8B4A-11D0-8D11-00A0C91BC942}") = "Deep_Rock_Galactic_Internal", "Deep_Rock_Galactic\Deep_Rock_Galactic_Internal\Deep_Rock_Galactic_Internal.vcxproj", "{3EE75FF1-EBC8-4621-97E9-14248799BC7D}"
EndProject
Project("{2150E333-8FDC-42A3-9474-1A3956D46DE8}") = "Solution Items", "Solution Items", "{280C6D5B-FEBD-465B-9364-46BA10B1E0EC}"
	ProjectSection(SolutionItems) = preProject
		README.md = README.md
	EndProjectSection
EndProject
Project("{2150E333-8FDC-42A3-9474-1A3956D46DE8}") = "Assault_Cube", "Assault_Cube", "{08262699-FA93-41C6-917B-2E1FEAD363ED}"
EndProject
Project("{8BC9CEB8-8B4A-11D0-8D11-00A0C91BC942}") = "Assault_Cube_External", "Assault_Cube\Assault_Cube_External\Assault_Cube_External.vcxproj", "{B44D8174-899C-48EB-AFB2-7608D8426B64}"
EndProject
Project("{8BC9CEB8-8B4A-11D0-8D11-00A0C91BC942}") = "Assault_Cube_Internal", "Assault_Cube\Assault_Cube_Internal\Assault_Cube_Internal.vcxproj", "{8C9E455C-6DFF-4AB7-B00C-41E63D7ADFA7}"
EndProject
Global
	GlobalSection(SolutionConfigurationPlatforms) = preSolution
		Debug|x64 = Debug|x64
		Debug|x86 = Debug|x86
		Release|x64 = Release|x64
		Release|x86 = Release|x86
	EndGlobalSection
	GlobalSection(ProjectConfigurationPlatforms) = postSolution
		{EA69BBA3-5BDF-436D-91E2-5F3257F28160}.Debug|x64.ActiveCfg = Debug|x64
		{EA69BBA3-5BDF-436D-91E2-5F3257F28160}.Debug|x64.Build.0 = Debug|x64
		{EA69BBA3-5BDF-436D-91E2-5F3257F28160}.Debug|x86.ActiveCfg = Debug|Win32
		{EA69BBA3-5BDF-436D-91E2-5F3257F28160}.Debug|x86.Build.0 = Debug|Win32
		{EA69BBA3-5BDF-436D-91E2-5F3257F28160}.Release|x64.ActiveCfg = Release|x64
		{EA69BBA3-5BDF-436D-91E2-5F3257F28160}.Release|x64.Build.0 = Release|x64
		{EA69BBA3-5BDF-436D-91E2-5F3257F28160}.Release|x86.ActiveCfg = Release|Win32
		{EA69BBA3-5BDF-436D-91E2-5F3257F28160}.Release|x86.Build.0 = Release|Win32
		{FB174D2D-DD12-4083-BF28-48AED5706AA5}.Debug|x64.ActiveCfg = Debug|x64
		{FB174D2D-DD12-4083-BF28-48AED5706AA5}.Debug|x64.Build.0 = Debug|x64
		{FB174D2D-DD12-4083-BF28-48AED5706AA5}.Debug|x86.ActiveCfg = Debug|Win32
		{FB174D2D-DD12-4083-BF28-48AED5706AA5}.Debug|x86.Build.0 = Debug|Win32
		{FB174D2D-DD12-4083-BF28-48AED5706AA5}.Release|x64.ActiveCfg = Release|x64
		{FB174D2D-DD12-4083-BF28-48AED5706AA5}.Release|x64.Build.0 = Release|x64
		{FB174D2D-DD12-4083-BF28-48AED5706AA5}.Release|x86.ActiveCfg = Release|Win32
		{FB174D2D-DD12-4083-BF28-48AED5706AA5}.Release|x86.Build.0 = Release|Win32
		{FD2D85A8-86F2-4D28-A341-0E0A9D3C2FAA}.Debug|x64.ActiveCfg = Debug|x64
		{FD2D85A8-86F2-4D28-A341-0E0A9D3C2FAA}.Debug|x64.Build.0 = Debug|x64
		{FD2D85A8-86F2-4D28-A341-0E0A9D3C2FAA}.Debug|x86.ActiveCfg = Debug|Win32
		{FD2D85A8-86F2-4D28-A341-0E0A9D3C2FAA}.Debug|x86.Build.0 = Debug|Win32
		{FD2D85A8-86F2-4D28-A341-0E0A9D3C2FAA}.Release|x64.ActiveCfg = Release|x64
		{FD2D85A8-86F2-4D28-A341-0E0A9D3C2FAA}.Release|x64.Build.0 = Release|x64
		{FD2D85A8-86F2-4D28-A341-0E0A9D3C2FAA}.Release|x86.ActiveCfg = Release|Win32
		{FD2D85A8-86F2-4D28-A341-0E0A9D3C2FAA}.Release|x86.Build.0 = Release|Win32
		{ED67BFEC-1C70-4927-BFA9-5D359805236A}.Debug|x64.ActiveCfg = Debug|x64
		{ED67BFEC-1C70-4927-BFA9-5D359805236A}.Debug|x64.Build.0 = Debug|x64
		{ED67BFEC-1C70-4927-BFA9-5D359805236A}.Debug|x86.ActiveCfg = Debug|Win32
		{ED67BFEC-1C70-4927-BFA9-5D359805236A}.Debug|x86.Build.0 = Debug|Win32
		{ED67BFEC-1C70-4927-BFA9-5D359805236A}.Release|x64.ActiveCfg = Release|x64
		{ED67BFEC-1C70-4927-BFA9-5D359805236A}.Release|x64.Build.0 = Release|x64
		{ED67BFEC-1C70-4927-BFA9-5D359805236A}.Release|x86.ActiveCfg = Release|Win32
		{ED67BFEC-1C70-4927-BFA9-5D359805236A}.Release|x86.Build.0 = Release|Win32
		{02AADAAE-7430-4A9B-AD42-A1662EA9F90F}.Debug|x64.ActiveCfg = Debug|x64
		{02AADAAE-7430-4A9B-AD42-A1662EA9F90F}.Debug|x64.Build.0 = Debug|x64
		{02AADAAE-7430-4A9B-AD42-A1662EA9F90F}.Debug|x86.ActiveCfg = Debug|Win32
		{02AADAAE-7430-4A9B-AD42-A1662EA9F90F}.Debug|x86.Build.0 = Debug|Win32
		{02AADAAE-7430-4A9B-AD42-A1662EA9F90F}.Release|x64.ActiveCfg = Release|x64
		{02AADAAE-7430-4A9B-AD42-A1662EA9F90F}.Release|x64.Build.0 = Release|x64
		{02AADAAE-7430-4A9B-AD42-A1662EA9F90F}.Release|x86.ActiveCfg = Release|Win32
		{02AADAAE-7430-4A9B-AD42-A1662EA9F90F}.Release|x86.Build.0 = Release|Win32
		{3EE75FF1-EBC8-4621-97E9-14248799BC7D}.Debug|x64.ActiveCfg = Debug|x64
		{3EE75FF1-EBC8-4621-97E9-14248799BC7D}.Debug|x64.Build.0 = Debug|x64
		{3EE75FF1-EBC8-4621-97E9-14248799BC7D}.Debug|x86.ActiveCfg = Debug|Win32
		{3EE75FF1-EBC8-4621-97E9-14248799BC7D}.Debug|x86.Build.0 = Debug|Win32
		{3EE75FF1-EBC8-4621-97E9-14248799BC7D}.Release|x64.ActiveCfg = Release|x64
		{3EE75FF1-EBC8-4621-97E9-14248799BC7D}.Release|x64.Build.0 = Release|x64
		{3EE75FF1-EBC8-4621-97E9-14248799BC7D}.Release|x86.ActiveCfg = Release|Win32
		{3EE75FF1-EBC8-4621-97E9-14248799BC7D}.Release|x86.Build.0 = Release|Win32
		{B44D8174-899C-48EB-AFB2-7608D8426B64}.Debug|x64.ActiveCfg = Debug|x64
		{B44D8174-899C-48EB-AFB2-7608D8426B64}.Debug|x64.Build.0 = Debug|x64
		{B44D8174-899C-48EB-AFB2-7608D8426B64}.Debug|x86.ActiveCfg = Debug|Win32
		{B44D8174-899C-48EB-AFB2-7608D8426B64}.Debug|x86.Build.0 = Debug|Win32
		{B44D8174-899C-48EB-AFB2-7608D8426B64}.Release|x64.ActiveCfg = Release|x64
		{B44D8174-899C-48EB-AFB2-7608D8426B64}.Release|x64.Build.0 = Release|x64
		{B44D8174-899C-48EB-AFB2-7608D8426B64}.Release|x86.ActiveCfg = Release|Win32
		{B44D8174-899C-48EB-AFB2-7608D8426B64}.Release|x86.Build.0 = Release|Win32
		{8C9E455C-6DFF-4AB7-B00C-41E63D7ADFA7}.Debug|x64.ActiveCfg = Debug|x64
		{8C9E455C-6DFF-4AB7-B00C-41E63D7ADFA7}.Debug|x64.Build.0 = Debug|x64
		{8C9E455C-6DFF-4AB7-B00C-41E63D7ADFA7}.Debug|x86.ActiveCfg = Debug|Win32
		{8C9E455C-6DFF-4AB7-B00C-41E63D7ADFA7}.Debug|x86.Build.0 = Debug|Win32
		{8C9E455C-6DFF-4AB7-B00C-41E63D7ADFA7}.Release|x64.ActiveCfg = Release|x64
		{8C9E455C-6DFF-4AB7-B00C-41E63D7ADFA7}.Release|x64.Build.0 = Release|x64
		{8C9E455C-6DFF-4AB7-B00C-41E63D7ADFA7}.Release|x86.ActiveCfg = Release|Win32
		{8C9E455C-6DFF-4AB7-B00C-41E63D7ADFA7}.Release|x86.Build.0 = Release|Win32
	EndGlobalSection
	GlobalSection(SolutionProperties) = preSolution
		HideSolutionNode = FALSE
	EndGlobalSection
	GlobalSection(NestedProjects) = preSolution
		{FB174D2D-DD12-4083-BF28-48AED5706AA5} = {CAF28B36-C499-44BB-B223-E16F4BA0E977}
		{02AADAAE-7430-4A9B-AD42-A1662EA9F90F} = {5F38E2F2-E42F-4F90-AE26-F2EA819DFB1C}
		{3EE75FF1-EBC8-4621-97E9-14248799BC7D} = {5F38E2F2-E42F-4F90-AE26-F2EA819DFB1C}
		{B44D8174-899C-48EB-AFB2-7608D8426B64} = {08262699-FA93-41C6-917B-2E1FEAD363ED}
		{8C9E455C-6DFF-4AB7-B00C-41E63D7ADFA7} = {08262699-FA93-41C6-917B-2E1FEAD363ED}
	EndGlobalSection
	GlobalSection(ExtensibilityGlobals) = postSolution
		SolutionGuid = {8F3CA4DA-63CB-4FEA-B89A-3754458115EE}
	EndGlobalSection
EndGlobal
